// !$*UTF8*$!
{
	archiveVersion = 1;
	classes = {
	};
	objectVersion = 50;
	objects = {

/* Begin PBXBuildFile section */
		CC14ECDE22E79A3C002975F8 /* MainViewModelTests.swift in Sources */ = {isa = PBXBuildFile; fileRef = CC14ECDD22E79A3C002975F8 /* MainViewModelTests.swift */; };
		CC979B9322E4EF720099820E /* CustomCollectionViewCell.swift in Sources */ = {isa = PBXBuildFile; fileRef = CC979B9222E4EF720099820E /* CustomCollectionViewCell.swift */; };
		CCB8094E22E4979A00DB6286 /* Optional+Default.swift in Sources */ = {isa = PBXBuildFile; fileRef = CCB8094D22E4979A00DB6286 /* Optional+Default.swift */; };
		CCB8095222E497B100DB6286 /* Image.swift in Sources */ = {isa = PBXBuildFile; fileRef = CCB8095022E497B100DB6286 /* Image.swift */; };
		CCB8095322E497B100DB6286 /* Sizes.swift in Sources */ = {isa = PBXBuildFile; fileRef = CCB8095122E497B100DB6286 /* Sizes.swift */; };
		CCB8099322E4A2DB00DB6286 /* MainViewModel.swift in Sources */ = {isa = PBXBuildFile; fileRef = CCB8099222E4A2DB00DB6286 /* MainViewModel.swift */; };
		CCB8099522E4A48800DB6286 /* CustomSearchBar.swift in Sources */ = {isa = PBXBuildFile; fileRef = CCB8099422E4A48800DB6286 /* CustomSearchBar.swift */; };
		CCB8099822E4A4BB00DB6286 /* ThemeGuide.swift in Sources */ = {isa = PBXBuildFile; fileRef = CCB8099722E4A4BB00DB6286 /* ThemeGuide.swift */; };
		CCC699D622E654F80037E4B9 /* TagsView.swift in Sources */ = {isa = PBXBuildFile; fileRef = CCC699D522E654F80037E4B9 /* TagsView.swift */; };
		CCC699D822E65E870037E4B9 /* ImageView+Url.swift in Sources */ = {isa = PBXBuildFile; fileRef = CCC699D722E65E870037E4B9 /* ImageView+Url.swift */; };
		CCF8C9FD22E0F43E00FAA283 /* AppDelegate.swift in Sources */ = {isa = PBXBuildFile; fileRef = CCF8C9FC22E0F43E00FAA283 /* AppDelegate.swift */; };
		CCF8CA0122E0F43E00FAA283 /* ViewController.swift in Sources */ = {isa = PBXBuildFile; fileRef = CCF8CA0022E0F43E00FAA283 /* ViewController.swift */; };
		CCF8CA0622E0F44000FAA283 /* Assets.xcassets in Resources */ = {isa = PBXBuildFile; fileRef = CCF8CA0522E0F44000FAA283 /* Assets.xcassets */; };
		CCF8CA0922E0F44000FAA283 /* LaunchScreen.storyboard in Resources */ = {isa = PBXBuildFile; fileRef = CCF8CA0722E0F44000FAA283 /* LaunchScreen.storyboard */; };
		CCF8CA1422E0F44000FAA283 /* FlickrAPISampleTests.swift in Sources */ = {isa = PBXBuildFile; fileRef = CCF8CA1322E0F44000FAA283 /* FlickrAPISampleTests.swift */; };
		CCF8CA1F22E0F44000FAA283 /* FlickrAPISampleUITests.swift in Sources */ = {isa = PBXBuildFile; fileRef = CCF8CA1E22E0F44000FAA283 /* FlickrAPISampleUITests.swift */; };
		CCF8CA4322E0F7B800FAA283 /* NetworkManager.swift in Sources */ = {isa = PBXBuildFile; fileRef = CCF8CA4222E0F7B800FAA283 /* NetworkManager.swift */; };
		CCF8CA4722E0F7EF00FAA283 /* EndpointType.swift in Sources */ = {isa = PBXBuildFile; fileRef = CCF8CA4522E0F7EF00FAA283 /* EndpointType.swift */; };
		CCF8CA4C22E0F95600FAA283 /* NetworkRouter.swift in Sources */ = {isa = PBXBuildFile; fileRef = CCF8CA4822E0F95600FAA283 /* NetworkRouter.swift */; };
		CCF8CA4D22E0F95600FAA283 /* HTTPTask.swift in Sources */ = {isa = PBXBuildFile; fileRef = CCF8CA4922E0F95600FAA283 /* HTTPTask.swift */; };
		CCF8CA4E22E0F95600FAA283 /* HTTPMethod.swift in Sources */ = {isa = PBXBuildFile; fileRef = CCF8CA4A22E0F95600FAA283 /* HTTPMethod.swift */; };
		CCF8CA4F22E0F95600FAA283 /* Router.swift in Sources */ = {isa = PBXBuildFile; fileRef = CCF8CA4B22E0F95600FAA283 /* Router.swift */; };
		CCF8CA5522E0F98800FAA283 /* ParameterEncoding.swift in Sources */ = {isa = PBXBuildFile; fileRef = CCF8CA5222E0F98800FAA283 /* ParameterEncoding.swift */; };
		CCF8CA5622E0F98800FAA283 /* URLParameterEncoder.swift in Sources */ = {isa = PBXBuildFile; fileRef = CCF8CA5322E0F98800FAA283 /* URLParameterEncoder.swift */; };
		CCF8CA5722E0F98800FAA283 /* JSONParameterEncoder.swift in Sources */ = {isa = PBXBuildFile; fileRef = CCF8CA5422E0F98800FAA283 /* JSONParameterEncoder.swift */; };
		CCF8CA5922E0F9BB00FAA283 /* FlickrAPI.swift in Sources */ = {isa = PBXBuildFile; fileRef = CCF8CA5822E0F9BB00FAA283 /* FlickrAPI.swift */; };
		CCF8CA5B22E0F9FA00FAA283 /* NetworkError.swift in Sources */ = {isa = PBXBuildFile; fileRef = CCF8CA5A22E0F9FA00FAA283 /* NetworkError.swift */; };
/* End PBXBuildFile section */

/* Begin PBXContainerItemProxy section */
		CCF8CA1022E0F44000FAA283 /* PBXContainerItemProxy */ = {
			isa = PBXContainerItemProxy;
			containerPortal = CCF8C9F122E0F43E00FAA283 /* Project object */;
			proxyType = 1;
			remoteGlobalIDString = CCF8C9F822E0F43E00FAA283;
			remoteInfo = FlickrAPISample;
		};
		CCF8CA1B22E0F44000FAA283 /* PBXContainerItemProxy */ = {
			isa = PBXContainerItemProxy;
			containerPortal = CCF8C9F122E0F43E00FAA283 /* Project object */;
			proxyType = 1;
			remoteGlobalIDString = CCF8C9F822E0F43E00FAA283;
			remoteInfo = FlickrAPISample;
		};
/* End PBXContainerItemProxy section */

/* Begin PBXFileReference section */
		CC14ECDD22E79A3C002975F8 /* MainViewModelTests.swift */ = {isa = PBXFileReference; lastKnownFileType = sourcecode.swift; path = MainViewModelTests.swift; sourceTree = "<group>"; };
		CC979B9222E4EF720099820E /* CustomCollectionViewCell.swift */ = {isa = PBXFileReference; lastKnownFileType = sourcecode.swift; path = CustomCollectionViewCell.swift; sourceTree = "<group>"; };
		CCB8094D22E4979A00DB6286 /* Optional+Default.swift */ = {isa = PBXFileReference; fileEncoding = 4; lastKnownFileType = sourcecode.swift; path = "Optional+Default.swift"; sourceTree = "<group>"; };
		CCB8095022E497B100DB6286 /* Image.swift */ = {isa = PBXFileReference; fileEncoding = 4; lastKnownFileType = sourcecode.swift; path = Image.swift; sourceTree = "<group>"; };
		CCB8095122E497B100DB6286 /* Sizes.swift */ = {isa = PBXFileReference; fileEncoding = 4; lastKnownFileType = sourcecode.swift; path = Sizes.swift; sourceTree = "<group>"; };
		CCB8099222E4A2DB00DB6286 /* MainViewModel.swift */ = {isa = PBXFileReference; lastKnownFileType = sourcecode.swift; path = MainViewModel.swift; sourceTree = "<group>"; };
		CCB8099422E4A48800DB6286 /* CustomSearchBar.swift */ = {isa = PBXFileReference; lastKnownFileType = sourcecode.swift; path = CustomSearchBar.swift; sourceTree = "<group>"; };
		CCB8099722E4A4BB00DB6286 /* ThemeGuide.swift */ = {isa = PBXFileReference; lastKnownFileType = sourcecode.swift; path = ThemeGuide.swift; sourceTree = "<group>"; };
		CCC699D522E654F80037E4B9 /* TagsView.swift */ = {isa = PBXFileReference; lastKnownFileType = sourcecode.swift; path = TagsView.swift; sourceTree = "<group>"; };
		CCC699D722E65E870037E4B9 /* ImageView+Url.swift */ = {isa = PBXFileReference; lastKnownFileType = sourcecode.swift; path = "ImageView+Url.swift"; sourceTree = "<group>"; };
		CCF8C9F922E0F43E00FAA283 /* FlickrAPISample.app */ = {isa = PBXFileReference; explicitFileType = wrapper.application; includeInIndex = 0; path = FlickrAPISample.app; sourceTree = BUILT_PRODUCTS_DIR; };
		CCF8C9FC22E0F43E00FAA283 /* AppDelegate.swift */ = {isa = PBXFileReference; lastKnownFileType = sourcecode.swift; path = AppDelegate.swift; sourceTree = "<group>"; };
		CCF8CA0022E0F43E00FAA283 /* ViewController.swift */ = {isa = PBXFileReference; lastKnownFileType = sourcecode.swift; path = ViewController.swift; sourceTree = "<group>"; };
		CCF8CA0522E0F44000FAA283 /* Assets.xcassets */ = {isa = PBXFileReference; lastKnownFileType = folder.assetcatalog; path = Assets.xcassets; sourceTree = "<group>"; };
		CCF8CA0822E0F44000FAA283 /* Base */ = {isa = PBXFileReference; lastKnownFileType = file.storyboard; name = Base; path = Base.lproj/LaunchScreen.storyboard; sourceTree = "<group>"; };
		CCF8CA0A22E0F44000FAA283 /* Info.plist */ = {isa = PBXFileReference; lastKnownFileType = text.plist.xml; path = Info.plist; sourceTree = "<group>"; };
		CCF8CA0F22E0F44000FAA283 /* FlickrAPISampleTests.xctest */ = {isa = PBXFileReference; explicitFileType = wrapper.cfbundle; includeInIndex = 0; path = FlickrAPISampleTests.xctest; sourceTree = BUILT_PRODUCTS_DIR; };
		CCF8CA1322E0F44000FAA283 /* FlickrAPISampleTests.swift */ = {isa = PBXFileReference; lastKnownFileType = sourcecode.swift; path = FlickrAPISampleTests.swift; sourceTree = "<group>"; };
		CCF8CA1522E0F44000FAA283 /* Info.plist */ = {isa = PBXFileReference; lastKnownFileType = text.plist.xml; path = Info.plist; sourceTree = "<group>"; };
		CCF8CA1A22E0F44000FAA283 /* FlickrAPISampleUITests.xctest */ = {isa = PBXFileReference; explicitFileType = wrapper.cfbundle; includeInIndex = 0; path = FlickrAPISampleUITests.xctest; sourceTree = BUILT_PRODUCTS_DIR; };
		CCF8CA1E22E0F44000FAA283 /* FlickrAPISampleUITests.swift */ = {isa = PBXFileReference; lastKnownFileType = sourcecode.swift; path = FlickrAPISampleUITests.swift; sourceTree = "<group>"; };
		CCF8CA2022E0F44000FAA283 /* Info.plist */ = {isa = PBXFileReference; lastKnownFileType = text.plist.xml; path = Info.plist; sourceTree = "<group>"; };
		CCF8CA4222E0F7B800FAA283 /* NetworkManager.swift */ = {isa = PBXFileReference; fileEncoding = 4; lastKnownFileType = sourcecode.swift; path = NetworkManager.swift; sourceTree = "<group>"; };
		CCF8CA4522E0F7EF00FAA283 /* EndpointType.swift */ = {isa = PBXFileReference; fileEncoding = 4; lastKnownFileType = sourcecode.swift; path = EndpointType.swift; sourceTree = "<group>"; };
		CCF8CA4822E0F95600FAA283 /* NetworkRouter.swift */ = {isa = PBXFileReference; fileEncoding = 4; lastKnownFileType = sourcecode.swift; path = NetworkRouter.swift; sourceTree = "<group>"; };
		CCF8CA4922E0F95600FAA283 /* HTTPTask.swift */ = {isa = PBXFileReference; fileEncoding = 4; lastKnownFileType = sourcecode.swift; path = HTTPTask.swift; sourceTree = "<group>"; };
		CCF8CA4A22E0F95600FAA283 /* HTTPMethod.swift */ = {isa = PBXFileReference; fileEncoding = 4; lastKnownFileType = sourcecode.swift; path = HTTPMethod.swift; sourceTree = "<group>"; };
		CCF8CA4B22E0F95600FAA283 /* Router.swift */ = {isa = PBXFileReference; fileEncoding = 4; lastKnownFileType = sourcecode.swift; path = Router.swift; sourceTree = "<group>"; };
		CCF8CA5222E0F98800FAA283 /* ParameterEncoding.swift */ = {isa = PBXFileReference; fileEncoding = 4; lastKnownFileType = sourcecode.swift; path = ParameterEncoding.swift; sourceTree = "<group>"; };
		CCF8CA5322E0F98800FAA283 /* URLParameterEncoder.swift */ = {isa = PBXFileReference; fileEncoding = 4; lastKnownFileType = sourcecode.swift; path = URLParameterEncoder.swift; sourceTree = "<group>"; };
		CCF8CA5422E0F98800FAA283 /* JSONParameterEncoder.swift */ = {isa = PBXFileReference; fileEncoding = 4; lastKnownFileType = sourcecode.swift; path = JSONParameterEncoder.swift; sourceTree = "<group>"; };
		CCF8CA5822E0F9BB00FAA283 /* FlickrAPI.swift */ = {isa = PBXFileReference; lastKnownFileType = sourcecode.swift; path = FlickrAPI.swift; sourceTree = "<group>"; };
		CCF8CA5A22E0F9FA00FAA283 /* NetworkError.swift */ = {isa = PBXFileReference; fileEncoding = 4; lastKnownFileType = sourcecode.swift; path = NetworkError.swift; sourceTree = "<group>"; };
/* End PBXFileReference section */

/* Begin PBXFrameworksBuildPhase section */
		CCF8C9F622E0F43E00FAA283 /* Frameworks */ = {
			isa = PBXFrameworksBuildPhase;
			buildActionMask = 2147483647;
			files = (
			);
			runOnlyForDeploymentPostprocessing = 0;
		};
		CCF8CA0C22E0F44000FAA283 /* Frameworks */ = {
			isa = PBXFrameworksBuildPhase;
			buildActionMask = 2147483647;
			files = (
			);
			runOnlyForDeploymentPostprocessing = 0;
		};
		CCF8CA1722E0F44000FAA283 /* Frameworks */ = {
			isa = PBXFrameworksBuildPhase;
			buildActionMask = 2147483647;
			files = (
			);
			runOnlyForDeploymentPostprocessing = 0;
		};
/* End PBXFrameworksBuildPhase section */

/* Begin PBXGroup section */
		CCB8094C22E4978C00DB6286 /* Extensions */ = {
			isa = PBXGroup;
			children = (
				CCB8094D22E4979A00DB6286 /* Optional+Default.swift */,
				CCC699D722E65E870037E4B9 /* ImageView+Url.swift */,
			);
			path = Extensions;
			sourceTree = "<group>";
		};
		CCB8094F22E4979D00DB6286 /* Models */ = {
			isa = PBXGroup;
			children = (
				CCB8095022E497B100DB6286 /* Image.swift */,
				CCB8095122E497B100DB6286 /* Sizes.swift */,
			);
			path = Models;
			sourceTree = "<group>";
		};
		CCB8099622E4A4B100DB6286 /* Util */ = {
			isa = PBXGroup;
			children = (
				CCB8099722E4A4BB00DB6286 /* ThemeGuide.swift */,
			);
			path = Util;
			sourceTree = "<group>";
		};
		CCF8C9F022E0F43E00FAA283 = {
			isa = PBXGroup;
			children = (
				CCF8C9FB22E0F43E00FAA283 /* FlickrAPISample */,
				CCF8CA1222E0F44000FAA283 /* FlickrAPISampleTests */,
				CCF8CA1D22E0F44000FAA283 /* FlickrAPISampleUITests */,
				CCF8C9FA22E0F43E00FAA283 /* Products */,
			);
			sourceTree = "<group>";
		};
		CCF8C9FA22E0F43E00FAA283 /* Products */ = {
			isa = PBXGroup;
			children = (
				CCF8C9F922E0F43E00FAA283 /* FlickrAPISample.app */,
				CCF8CA0F22E0F44000FAA283 /* FlickrAPISampleTests.xctest */,
				CCF8CA1A22E0F44000FAA283 /* FlickrAPISampleUITests.xctest */,
			);
			name = Products;
			sourceTree = "<group>";
		};
		CCF8C9FB22E0F43E00FAA283 /* FlickrAPISample */ = {
			isa = PBXGroup;
			children = (
				CCB8099622E4A4B100DB6286 /* Util */,
				CCB8094F22E4979D00DB6286 /* Models */,
				CCB8094C22E4978C00DB6286 /* Extensions */,
				CCF8CA3422E0F58E00FAA283 /* Network */,
				CCF8CA2E22E0F45D00FAA283 /* ViewControllers */,
				CCF8CA2D22E0F45500FAA283 /* ViewModels */,
				CCF8CA2C22E0F44F00FAA283 /* Views */,
				CCF8C9FC22E0F43E00FAA283 /* AppDelegate.swift */,
				CCF8CA0522E0F44000FAA283 /* Assets.xcassets */,
				CCF8CA0722E0F44000FAA283 /* LaunchScreen.storyboard */,
				CCF8CA0A22E0F44000FAA283 /* Info.plist */,
			);
			path = FlickrAPISample;
			sourceTree = "<group>";
		};
		CCF8CA1222E0F44000FAA283 /* FlickrAPISampleTests */ = {
			isa = PBXGroup;
			children = (
				CCF8CA1322E0F44000FAA283 /* FlickrAPISampleTests.swift */,
				CCF8CA1522E0F44000FAA283 /* Info.plist */,
				CC14ECDD22E79A3C002975F8 /* MainViewModelTests.swift */,
			);
			path = FlickrAPISampleTests;
			sourceTree = "<group>";
		};
		CCF8CA1D22E0F44000FAA283 /* FlickrAPISampleUITests */ = {
			isa = PBXGroup;
			children = (
				CCF8CA1E22E0F44000FAA283 /* FlickrAPISampleUITests.swift */,
				CCF8CA2022E0F44000FAA283 /* Info.plist */,
			);
			path = FlickrAPISampleUITests;
			sourceTree = "<group>";
		};
		CCF8CA2C22E0F44F00FAA283 /* Views */ = {
			isa = PBXGroup;
			children = (
				CCB8099422E4A48800DB6286 /* CustomSearchBar.swift */,
				CC979B9222E4EF720099820E /* CustomCollectionViewCell.swift */,
				CCC699D522E654F80037E4B9 /* TagsView.swift */,
			);
			path = Views;
			sourceTree = "<group>";
		};
		CCF8CA2D22E0F45500FAA283 /* ViewModels */ = {
			isa = PBXGroup;
			children = (
				CCB8099222E4A2DB00DB6286 /* MainViewModel.swift */,
			);
			path = ViewModels;
			sourceTree = "<group>";
		};
		CCF8CA2E22E0F45D00FAA283 /* ViewControllers */ = {
			isa = PBXGroup;
			children = (
				CCF8CA0022E0F43E00FAA283 /* ViewController.swift */,
			);
			path = ViewControllers;
			sourceTree = "<group>";
		};
		CCF8CA3422E0F58E00FAA283 /* Network */ = {
			isa = PBXGroup;
			children = (
				CCF8CA5A22E0F9FA00FAA283 /* NetworkError.swift */,
				CCF8CA3922E0F79800FAA283 /* Service */,
				CCF8CA3822E0F73C00FAA283 /* Manager */,
				CCF8CA3722E0F73400FAA283 /* Endpoint */,
				CCF8CA3622E0F72600FAA283 /* Encoding */,
			);
			path = Network;
			sourceTree = "<group>";
		};
		CCF8CA3622E0F72600FAA283 /* Encoding */ = {
			isa = PBXGroup;
			children = (
				CCF8CA5422E0F98800FAA283 /* JSONParameterEncoder.swift */,
				CCF8CA5222E0F98800FAA283 /* ParameterEncoding.swift */,
				CCF8CA5322E0F98800FAA283 /* URLParameterEncoder.swift */,
			);
			path = Encoding;
			sourceTree = "<group>";
		};
		CCF8CA3722E0F73400FAA283 /* Endpoint */ = {
			isa = PBXGroup;
			children = (
				CCF8CA4522E0F7EF00FAA283 /* EndpointType.swift */,
				CCF8CA5822E0F9BB00FAA283 /* FlickrAPI.swift */,
			);
			path = Endpoint;
			sourceTree = "<group>";
		};
		CCF8CA3822E0F73C00FAA283 /* Manager */ = {
			isa = PBXGroup;
			children = (
				CCF8CA4222E0F7B800FAA283 /* NetworkManager.swift */,
			);
			path = Manager;
			sourceTree = "<group>";
		};
		CCF8CA3922E0F79800FAA283 /* Service */ = {
			isa = PBXGroup;
			children = (
				CCF8CA4A22E0F95600FAA283 /* HTTPMethod.swift */,
				CCF8CA4922E0F95600FAA283 /* HTTPTask.swift */,
				CCF8CA4822E0F95600FAA283 /* NetworkRouter.swift */,
				CCF8CA4B22E0F95600FAA283 /* Router.swift */,
			);
			path = Service;
			sourceTree = "<group>";
		};
/* End PBXGroup section */

/* Begin PBXNativeTarget section */
		CCF8C9F822E0F43E00FAA283 /* FlickrAPISample */ = {
			isa = PBXNativeTarget;
			buildConfigurationList = CCF8CA2322E0F44000FAA283 /* Build configuration list for PBXNativeTarget "FlickrAPISample" */;
			buildPhases = (
				CCF8C9F522E0F43E00FAA283 /* Sources */,
				CCF8C9F622E0F43E00FAA283 /* Frameworks */,
				CCF8C9F722E0F43E00FAA283 /* Resources */,
			);
			buildRules = (
			);
			dependencies = (
			);
			name = FlickrAPISample;
			productName = FlickrAPISample;
			productReference = CCF8C9F922E0F43E00FAA283 /* FlickrAPISample.app */;
			productType = "com.apple.product-type.application";
		};
		CCF8CA0E22E0F44000FAA283 /* FlickrAPISampleTests */ = {
			isa = PBXNativeTarget;
			buildConfigurationList = CCF8CA2622E0F44000FAA283 /* Build configuration list for PBXNativeTarget "FlickrAPISampleTests" */;
			buildPhases = (
				CCF8CA0B22E0F44000FAA283 /* Sources */,
				CCF8CA0C22E0F44000FAA283 /* Frameworks */,
				CCF8CA0D22E0F44000FAA283 /* Resources */,
			);
			buildRules = (
			);
			dependencies = (
				CCF8CA1122E0F44000FAA283 /* PBXTargetDependency */,
			);
			name = FlickrAPISampleTests;
			productName = FlickrAPISampleTests;
			productReference = CCF8CA0F22E0F44000FAA283 /* FlickrAPISampleTests.xctest */;
			productType = "com.apple.product-type.bundle.unit-test";
		};
		CCF8CA1922E0F44000FAA283 /* FlickrAPISampleUITests */ = {
			isa = PBXNativeTarget;
			buildConfigurationList = CCF8CA2922E0F44000FAA283 /* Build configuration list for PBXNativeTarget "FlickrAPISampleUITests" */;
			buildPhases = (
				CCF8CA1622E0F44000FAA283 /* Sources */,
				CCF8CA1722E0F44000FAA283 /* Frameworks */,
				CCF8CA1822E0F44000FAA283 /* Resources */,
			);
			buildRules = (
			);
			dependencies = (
				CCF8CA1C22E0F44000FAA283 /* PBXTargetDependency */,
			);
			name = FlickrAPISampleUITests;
			productName = FlickrAPISampleUITests;
			productReference = CCF8CA1A22E0F44000FAA283 /* FlickrAPISampleUITests.xctest */;
			productType = "com.apple.product-type.bundle.ui-testing";
		};
/* End PBXNativeTarget section */

/* Begin PBXProject section */
		CCF8C9F122E0F43E00FAA283 /* Project object */ = {
			isa = PBXProject;
			attributes = {
				LastSwiftUpdateCheck = 1100;
				LastUpgradeCheck = 1100;
				ORGANIZATIONNAME = "Erica Geraldes";
				TargetAttributes = {
					CCF8C9F822E0F43E00FAA283 = {
						CreatedOnToolsVersion = 11.0;
					};
					CCF8CA0E22E0F44000FAA283 = {
						CreatedOnToolsVersion = 11.0;
						TestTargetID = CCF8C9F822E0F43E00FAA283;
					};
					CCF8CA1922E0F44000FAA283 = {
						CreatedOnToolsVersion = 11.0;
						TestTargetID = CCF8C9F822E0F43E00FAA283;
					};
				};
			};
			buildConfigurationList = CCF8C9F422E0F43E00FAA283 /* Build configuration list for PBXProject "FlickrAPISample" */;
			compatibilityVersion = "Xcode 9.3";
			developmentRegion = en;
			hasScannedForEncodings = 0;
			knownRegions = (
				en,
				Base,
			);
			mainGroup = CCF8C9F022E0F43E00FAA283;
			productRefGroup = CCF8C9FA22E0F43E00FAA283 /* Products */;
			projectDirPath = "";
			projectRoot = "";
			targets = (
				CCF8C9F822E0F43E00FAA283 /* FlickrAPISample */,
				CCF8CA0E22E0F44000FAA283 /* FlickrAPISampleTests */,
				CCF8CA1922E0F44000FAA283 /* FlickrAPISampleUITests */,
			);
		};
/* End PBXProject section */

/* Begin PBXResourcesBuildPhase section */
		CCF8C9F722E0F43E00FAA283 /* Resources */ = {
			isa = PBXResourcesBuildPhase;
			buildActionMask = 2147483647;
			files = (
				CCF8CA0922E0F44000FAA283 /* LaunchScreen.storyboard in Resources */,
				CCF8CA0622E0F44000FAA283 /* Assets.xcassets in Resources */,
			);
			runOnlyForDeploymentPostprocessing = 0;
		};
		CCF8CA0D22E0F44000FAA283 /* Resources */ = {
			isa = PBXResourcesBuildPhase;
			buildActionMask = 2147483647;
			files = (
			);
			runOnlyForDeploymentPostprocessing = 0;
		};
		CCF8CA1822E0F44000FAA283 /* Resources */ = {
			isa = PBXResourcesBuildPhase;
			buildActionMask = 2147483647;
			files = (
			);
			runOnlyForDeploymentPostprocessing = 0;
		};
/* End PBXResourcesBuildPhase section */

/* Begin PBXSourcesBuildPhase section */
		CCF8C9F522E0F43E00FAA283 /* Sources */ = {
			isa = PBXSourcesBuildPhase;
			buildActionMask = 2147483647;
			files = (
				CCF8CA0122E0F43E00FAA283 /* ViewController.swift in Sources */,
				CCF8CA5622E0F98800FAA283 /* URLParameterEncoder.swift in Sources */,
				CCC699D622E654F80037E4B9 /* TagsView.swift in Sources */,
				CCF8CA4722E0F7EF00FAA283 /* EndpointType.swift in Sources */,
				CC979B9322E4EF720099820E /* CustomCollectionViewCell.swift in Sources */,
				CCF8CA5522E0F98800FAA283 /* ParameterEncoding.swift in Sources */,
				CCB8095322E497B100DB6286 /* Sizes.swift in Sources */,
				CCB8095222E497B100DB6286 /* Image.swift in Sources */,
				CCF8CA4322E0F7B800FAA283 /* NetworkManager.swift in Sources */,
				CCF8C9FD22E0F43E00FAA283 /* AppDelegate.swift in Sources */,
				CCF8CA4D22E0F95600FAA283 /* HTTPTask.swift in Sources */,
				CCB8099522E4A48800DB6286 /* CustomSearchBar.swift in Sources */,
				CCF8CA5922E0F9BB00FAA283 /* FlickrAPI.swift in Sources */,
				CCF8CA4E22E0F95600FAA283 /* HTTPMethod.swift in Sources */,
				CCC699D822E65E870037E4B9 /* ImageView+Url.swift in Sources */,
				CCF8CA5722E0F98800FAA283 /* JSONParameterEncoder.swift in Sources */,
				CCF8CA5B22E0F9FA00FAA283 /* NetworkError.swift in Sources */,
				CCB8094E22E4979A00DB6286 /* Optional+Default.swift in Sources */,
				CCB8099822E4A4BB00DB6286 /* ThemeGuide.swift in Sources */,
				CCF8CA4C22E0F95600FAA283 /* NetworkRouter.swift in Sources */,
				CCF8CA4F22E0F95600FAA283 /* Router.swift in Sources */,
				CCB8099322E4A2DB00DB6286 /* MainViewModel.swift in Sources */,
			);
			runOnlyForDeploymentPostprocessing = 0;
		};
		CCF8CA0B22E0F44000FAA283 /* Sources */ = {
			isa = PBXSourcesBuildPhase;
			buildActionMask = 2147483647;
			files = (
				CCF8CA1422E0F44000FAA283 /* FlickrAPISampleTests.swift in Sources */,
				CC14ECDE22E79A3C002975F8 /* MainViewModelTests.swift in Sources */,
			);
			runOnlyForDeploymentPostprocessing = 0;
		};
		CCF8CA1622E0F44000FAA283 /* Sources */ = {
			isa = PBXSourcesBuildPhase;
			buildActionMask = 2147483647;
			files = (
				CCF8CA1F22E0F44000FAA283 /* FlickrAPISampleUITests.swift in Sources */,
			);
			runOnlyForDeploymentPostprocessing = 0;
		};
/* End PBXSourcesBuildPhase section */

/* Begin PBXTargetDependency section */
		CCF8CA1122E0F44000FAA283 /* PBXTargetDependency */ = {
			isa = PBXTargetDependency;
			target = CCF8C9F822E0F43E00FAA283 /* FlickrAPISample */;
			targetProxy = CCF8CA1022E0F44000FAA283 /* PBXContainerItemProxy */;
		};
		CCF8CA1C22E0F44000FAA283 /* PBXTargetDependency */ = {
			isa = PBXTargetDependency;
			target = CCF8C9F822E0F43E00FAA283 /* FlickrAPISample */;
			targetProxy = CCF8CA1B22E0F44000FAA283 /* PBXContainerItemProxy */;
		};
/* End PBXTargetDependency section */

/* Begin PBXVariantGroup section */
		CCF8CA0722E0F44000FAA283 /* LaunchScreen.storyboard */ = {
			isa = PBXVariantGroup;
			children = (
				CCF8CA0822E0F44000FAA283 /* Base */,
			);
			name = LaunchScreen.storyboard;
			sourceTree = "<group>";
		};
/* End PBXVariantGroup section */

/* Begin XCBuildConfiguration section */
		CCF8CA2122E0F44000FAA283 /* Debug */ = {
			isa = XCBuildConfiguration;
			buildSettings = {
				ALWAYS_SEARCH_USER_PATHS = NO;
				CLANG_ANALYZER_NONNULL = YES;
				CLANG_ANALYZER_NUMBER_OBJECT_CONVERSION = YES_AGGRESSIVE;
				CLANG_CXX_LANGUAGE_STANDARD = "gnu++14";
				CLANG_CXX_LIBRARY = "libc++";
				CLANG_ENABLE_MODULES = YES;
				CLANG_ENABLE_OBJC_ARC = YES;
				CLANG_ENABLE_OBJC_WEAK = YES;
				CLANG_WARN_BLOCK_CAPTURE_AUTORELEASING = YES;
				CLANG_WARN_BOOL_CONVERSION = YES;
				CLANG_WARN_COMMA = YES;
				CLANG_WARN_CONSTANT_CONVERSION = YES;
				CLANG_WARN_DEPRECATED_OBJC_IMPLEMENTATIONS = YES;
				CLANG_WARN_DIRECT_OBJC_ISA_USAGE = YES_ERROR;
				CLANG_WARN_DOCUMENTATION_COMMENTS = YES;
				CLANG_WARN_EMPTY_BODY = YES;
				CLANG_WARN_ENUM_CONVERSION = YES;
				CLANG_WARN_INFINITE_RECURSION = YES;
				CLANG_WARN_INT_CONVERSION = YES;
				CLANG_WARN_NON_LITERAL_NULL_CONVERSION = YES;
				CLANG_WARN_OBJC_IMPLICIT_RETAIN_SELF = YES;
				CLANG_WARN_OBJC_LITERAL_CONVERSION = YES;
				CLANG_WARN_OBJC_ROOT_CLASS = YES_ERROR;
				CLANG_WARN_RANGE_LOOP_ANALYSIS = YES;
				CLANG_WARN_STRICT_PROTOTYPES = YES;
				CLANG_WARN_SUSPICIOUS_MOVE = YES;
				CLANG_WARN_UNGUARDED_AVAILABILITY = YES_AGGRESSIVE;
				CLANG_WARN_UNREACHABLE_CODE = YES;
				CLANG_WARN__DUPLICATE_METHOD_MATCH = YES;
				COPY_PHASE_STRIP = NO;
				DEBUG_INFORMATION_FORMAT = dwarf;
				ENABLE_STRICT_OBJC_MSGSEND = YES;
				ENABLE_TESTABILITY = YES;
				GCC_C_LANGUAGE_STANDARD = gnu11;
				GCC_DYNAMIC_NO_PIC = NO;
				GCC_NO_COMMON_BLOCKS = YES;
				GCC_OPTIMIZATION_LEVEL = 0;
				GCC_PREPROCESSOR_DEFINITIONS = (
					"DEBUG=1",
					"$(inherited)",
				);
				GCC_WARN_64_TO_32_BIT_CONVERSION = YES;
				GCC_WARN_ABOUT_RETURN_TYPE = YES_ERROR;
				GCC_WARN_UNDECLARED_SELECTOR = YES;
				GCC_WARN_UNINITIALIZED_AUTOS = YES_AGGRESSIVE;
				GCC_WARN_UNUSED_FUNCTION = YES;
				GCC_WARN_UNUSED_VARIABLE = YES;
				IPHONEOS_DEPLOYMENT_TARGET = 12.0;
				MTL_ENABLE_DEBUG_INFO = INCLUDE_SOURCE;
				MTL_FAST_MATH = YES;
				ONLY_ACTIVE_ARCH = YES;
				SDKROOT = iphoneos;
				SWIFT_ACTIVE_COMPILATION_CONDITIONS = DEBUG;
				SWIFT_OPTIMIZATION_LEVEL = "-Onone";
				SWIFT_VERSION = 4.2;
			};
			name = Debug;
		};
		CCF8CA2222E0F44000FAA283 /* Release */ = {
			isa = XCBuildConfiguration;
			buildSettings = {
				ALWAYS_SEARCH_USER_PATHS = NO;
				CLANG_ANALYZER_NONNULL = YES;
				CLANG_ANALYZER_NUMBER_OBJECT_CONVERSION = YES_AGGRESSIVE;
				CLANG_CXX_LANGUAGE_STANDARD = "gnu++14";
				CLANG_CXX_LIBRARY = "libc++";
				CLANG_ENABLE_MODULES = YES;
				CLANG_ENABLE_OBJC_ARC = YES;
				CLANG_ENABLE_OBJC_WEAK = YES;
				CLANG_WARN_BLOCK_CAPTURE_AUTORELEASING = YES;
				CLANG_WARN_BOOL_CONVERSION = YES;
				CLANG_WARN_COMMA = YES;
				CLANG_WARN_CONSTANT_CONVERSION = YES;
				CLANG_WARN_DEPRECATED_OBJC_IMPLEMENTATIONS = YES;
				CLANG_WARN_DIRECT_OBJC_ISA_USAGE = YES_ERROR;
				CLANG_WARN_DOCUMENTATION_COMMENTS = YES;
				CLANG_WARN_EMPTY_BODY = YES;
				CLANG_WARN_ENUM_CONVERSION = YES;
				CLANG_WARN_INFINITE_RECURSION = YES;
				CLANG_WARN_INT_CONVERSION = YES;
				CLANG_WARN_NON_LITERAL_NULL_CONVERSION = YES;
				CLANG_WARN_OBJC_IMPLICIT_RETAIN_SELF = YES;
				CLANG_WARN_OBJC_LITERAL_CONVERSION = YES;
				CLANG_WARN_OBJC_ROOT_CLASS = YES_ERROR;
				CLANG_WARN_RANGE_LOOP_ANALYSIS = YES;
				CLANG_WARN_STRICT_PROTOTYPES = YES;
				CLANG_WARN_SUSPICIOUS_MOVE = YES;
				CLANG_WARN_UNGUARDED_AVAILABILITY = YES_AGGRESSIVE;
				CLANG_WARN_UNREACHABLE_CODE = YES;
				CLANG_WARN__DUPLICATE_METHOD_MATCH = YES;
				COPY_PHASE_STRIP = NO;
				DEBUG_INFORMATION_FORMAT = "dwarf-with-dsym";
				ENABLE_NS_ASSERTIONS = NO;
				ENABLE_STRICT_OBJC_MSGSEND = YES;
				GCC_C_LANGUAGE_STANDARD = gnu11;
				GCC_NO_COMMON_BLOCKS = YES;
				GCC_WARN_64_TO_32_BIT_CONVERSION = YES;
				GCC_WARN_ABOUT_RETURN_TYPE = YES_ERROR;
				GCC_WARN_UNDECLARED_SELECTOR = YES;
				GCC_WARN_UNINITIALIZED_AUTOS = YES_AGGRESSIVE;
				GCC_WARN_UNUSED_FUNCTION = YES;
				GCC_WARN_UNUSED_VARIABLE = YES;
				IPHONEOS_DEPLOYMENT_TARGET = 12.0;
				MTL_ENABLE_DEBUG_INFO = NO;
				MTL_FAST_MATH = YES;
				SDKROOT = iphoneos;
				SWIFT_COMPILATION_MODE = wholemodule;
				SWIFT_OPTIMIZATION_LEVEL = "-O";
				SWIFT_VERSION = 4.2;
				VALIDATE_PRODUCT = YES;
			};
			name = Release;
		};
		CCF8CA2422E0F44000FAA283 /* Debug */ = {
			isa = XCBuildConfiguration;
			buildSettings = {
				ASSETCATALOG_COMPILER_APPICON_NAME = AppIcon;
				CODE_SIGN_STYLE = Automatic;
				DEVELOPMENT_TEAM = QSG974CFQP;
				INFOPLIST_FILE = FlickrAPISample/Info.plist;
				LD_RUNPATH_SEARCH_PATHS = (
					"$(inherited)",
					"@executable_path/Frameworks",
				);
				PRODUCT_BUNDLE_IDENTIFIER = com.leiinha.FlickrAPISample;
				PRODUCT_NAME = "$(TARGET_NAME)";
				SWIFT_VERSION = 5.0;
				TARGETED_DEVICE_FAMILY = "1,2";
			};
			name = Debug;
		};
		CCF8CA2522E0F44000FAA283 /* Release */ = {
			isa = XCBuildConfiguration;
			buildSettings = {
				ASSETCATALOG_COMPILER_APPICON_NAME = AppIcon;
				CODE_SIGN_STYLE = Automatic;
				DEVELOPMENT_TEAM = QSG974CFQP;
				INFOPLIST_FILE = FlickrAPISample/Info.plist;
				LD_RUNPATH_SEARCH_PATHS = (
					"$(inherited)",
					"@executable_path/Frameworks",
				);
				PRODUCT_BUNDLE_IDENTIFIER = com.leiinha.FlickrAPISample;
				PRODUCT_NAME = "$(TARGET_NAME)";
				SWIFT_VERSION = 5.0;
				TARGETED_DEVICE_FAMILY = "1,2";
			};
			name = Release;
		};
		CCF8CA2722E0F44000FAA283 /* Debug */ = {
			isa = XCBuildConfiguration;
			buildSettings = {
				ALWAYS_EMBED_SWIFT_STANDARD_LIBRARIES = YES;
				BUNDLE_LOADER = "$(TEST_HOST)";
				CODE_SIGN_STYLE = Automatic;
				DEVELOPMENT_TEAM = QSG974CFQP;
				INFOPLIST_FILE = FlickrAPISampleTests/Info.plist;
				LD_RUNPATH_SEARCH_PATHS = (
					"$(inherited)",
					"@executable_path/Frameworks",
					"@loader_path/Frameworks",
				);
				PRODUCT_BUNDLE_IDENTIFIER = com.leiinha.FlickrAPISampleTests;
				PRODUCT_NAME = "$(TARGET_NAME)";
				SWIFT_VERSION = 5.0;
				TARGETED_DEVICE_FAMILY = "1,2";
				TEST_HOST = "$(BUILT_PRODUCTS_DIR)/FlickrAPISample.app/FlickrAPISample";
			};
			name = Debug;
		};
		CCF8CA2822E0F44000FAA283 /* Release */ = {
			isa = XCBuildConfiguration;
			buildSettings = {
				ALWAYS_EMBED_SWIFT_STANDARD_LIBRARIES = YES;
				BUNDLE_LOADER = "$(TEST_HOST)";
				CODE_SIGN_STYLE = Automatic;
				DEVELOPMENT_TEAM = QSG974CFQP;
				INFOPLIST_FILE = FlickrAPISampleTests/Info.plist;
				LD_RUNPATH_SEARCH_PATHS = (
					"$(inherited)",
					"@executable_path/Frameworks",
					"@loader_path/Frameworks",
				);
				PRODUCT_BUNDLE_IDENTIFIER = com.leiinha.FlickrAPISampleTests;
				PRODUCT_NAME = "$(TARGET_NAME)";
				SWIFT_VERSION = 5.0;
				TARGETED_DEVICE_FAMILY = "1,2";
				TEST_HOST = "$(BUILT_PRODUCTS_DIR)/FlickrAPISample.app/FlickrAPISample";
			};
			name = Release;
		};
		CCF8CA2A22E0F44000FAA283 /* Debug */ = {
			isa = XCBuildConfiguration;
			buildSettings = {
				ALWAYS_EMBED_SWIFT_STANDARD_LIBRARIES = YES;
				CODE_SIGN_STYLE = Automatic;
				DEVELOPMENT_TEAM = QSG974CFQP;
				INFOPLIST_FILE = FlickrAPISampleUITests/Info.plist;
				LD_RUNPATH_SEARCH_PATHS = (
					"$(inherited)",
					"@executable_path/Frameworks",
					"@loader_path/Frameworks",
				);
				PRODUCT_BUNDLE_IDENTIFIER = com.leiinha.FlickrAPISampleUITests;
				PRODUCT_NAME = "$(TARGET_NAME)";
				SWIFT_VERSION = 5.0;
				TARGETED_DEVICE_FAMILY = "1,2";
				TEST_TARGET_NAME = FlickrAPISample;
			};
			name = Debug;
		};
		CCF8CA2B22E0F44000FAA283 /* Release */ = {
			isa = XCBuildConfiguration;
			buildSettings = {
				ALWAYS_EMBED_SWIFT_STANDARD_LIBRARIES = YES;
				CODE_SIGN_STYLE = Automatic;
				DEVELOPMENT_TEAM = QSG974CFQP;
				INFOPLIST_FILE = FlickrAPISampleUITests/Info.plist;
				LD_RUNPATH_SEARCH_PATHS = (
					"$(inherited)",
					"@executable_path/Frameworks",
					"@loader_path/Frameworks",
				);
				PRODUCT_BUNDLE_IDENTIFIER = com.leiinha.FlickrAPISampleUITests;
				PRODUCT_NAME = "$(TARGET_NAME)";
				SWIFT_VERSION = 5.0;
				TARGETED_DEVICE_FAMILY = "1,2";
				TEST_TARGET_NAME = FlickrAPISample;
			};
			name = Release;
		};
/* End XCBuildConfiguration section */

/* Begin XCConfigurationList section */
		CCF8C9F422E0F43E00FAA283 /* Build configuration list for PBXProject "FlickrAPISample" */ = {
			isa = XCConfigurationList;
			buildConfigurations = (
				CCF8CA2122E0F44000FAA283 /* Debug */,
				CCF8CA2222E0F44000FAA283 /* Release */,
			);
			defaultConfigurationIsVisible = 0;
			defaultConfigurationName = Release;
		};
		CCF8CA2322E0F44000FAA283 /* Build configuration list for PBXNativeTarget "FlickrAPISample" */ = {
			isa = XCConfigurationList;
			buildConfigurations = (
				CCF8CA2422E0F44000FAA283 /* Debug */,
				CCF8CA2522E0F44000FAA283 /* Release */,
			);
			defaultConfigurationIsVisible = 0;
			defaultConfigurationName = Release;
		};
		CCF8CA2622E0F44000FAA283 /* Build configuration list for PBXNativeTarget "FlickrAPISampleTests" */ = {
			isa = XCConfigurationList;
			buildConfigurations = (
				CCF8CA2722E0F44000FAA283 /* Debug */,
				CCF8CA2822E0F44000FAA283 /* Release */,
			);
			defaultConfigurationIsVisible = 0;
			defaultConfigurationName = Release;
		};
		CCF8CA2922E0F44000FAA283 /* Build configuration list for PBXNativeTarget "FlickrAPISampleUITests" */ = {
			isa = XCConfigurationList;
			buildConfigurations = (
				CCF8CA2A22E0F44000FAA283 /* Debug */,
				CCF8CA2B22E0F44000FAA283 /* Release */,
			);
			defaultConfigurationIsVisible = 0;
			defaultConfigurationName = Release;
		};
/* End XCConfigurationList section */
	};
	rootObject = CCF8C9F122E0F43E00FAA283 /* Project object */;
}
